
Microsoft Visual Studio Solution File, Format Version 12.00
# Visual Studio Version 17
VisualStudioVersion = 17.9.34714.143
MinimumVisualStudioVersion = 10.0.40219.1
Project("{FAE04EC0-301F-11D3-BF4B-00C04F79EFBC}") = "lab4", "lab4\lab4.csproj", "{94E743F4-9BE2-46C8-866E-4817D493BF80}"
EndProject
Global
	GlobalSection(SolutionConfigurationPlatforms) = preSolution
		Debug|Any CPU = Debug|Any CPU
		Release|Any CPU = Release|Any CPU
	EndGlobalSection
	GlobalSection(ProjectConfigurationPlatforms) = postSolution
		{94E743F4-9BE2-46C8-866E-4817D493BF80}.Debug|Any CPU.ActiveCfg = Debug|Any CPU
		{94E743F4-9BE2-46C8-866E-4817D493BF80}.Debug|Any CPU.Build.0 = Debug|Any CPU
		{94E743F4-9BE2-46C8-866E-4817D493BF80}.Release|Any CPU.ActiveCfg = Release|Any CPU
		{94E743F4-9BE2-46C8-866E-4817D493BF80}.Release|Any CPU.Build.0 = Release|Any CPU
	EndGlobalSection
	GlobalSection(SolutionProperties) = preSolution
		HideSolutionNode = FALSE
	EndGlobalSection
	GlobalSection(ExtensibilityGlobals) = postSolution
		SolutionGuid = {3510DDF6-1B76-4D54-80EE-0E3A7ED82A2E}
	EndGlobalSection
EndGlobal
